// !$*UTF8*$!
{
	archiveVersion = 1;
	classes = {
	};
	objectVersion = 50;
	objects = {

/* Begin PBXBuildFile section */
		B46E74D82613A28C00B1E00B /* AppDelegate.swift in Sources */ = {isa = PBXBuildFile; fileRef = B46E74D72613A28C00B1E00B /* AppDelegate.swift */; };
		B46E74DA2613A28C00B1E00B /* SceneDelegate.swift in Sources */ = {isa = PBXBuildFile; fileRef = B46E74D92613A28C00B1E00B /* SceneDelegate.swift */; };
		B46E74DC2613A28C00B1E00B /* LogInViewController.swift in Sources */ = {isa = PBXBuildFile; fileRef = B46E74DB2613A28C00B1E00B /* LogInViewController.swift */; };
		B46E74DF2613A28C00B1E00B /* Main.storyboard in Resources */ = {isa = PBXBuildFile; fileRef = B46E74DD2613A28C00B1E00B /* Main.storyboard */; };
		B46E74E12613A29000B1E00B /* Assets.xcassets in Resources */ = {isa = PBXBuildFile; fileRef = B46E74E02613A29000B1E00B /* Assets.xcassets */; };
		B46E74E42613A29000B1E00B /* LaunchScreen.storyboard in Resources */ = {isa = PBXBuildFile; fileRef = B46E74E22613A29000B1E00B /* LaunchScreen.storyboard */; };
		B46E74EF2614631A00B1E00B /* UserInfo.swift in Sources */ = {isa = PBXBuildFile; fileRef = B46E74EE2614631900B1E00B /* UserInfo.swift */; };
		B46E74F226146ACF00B1E00B /* BirthdayViewController.swift in Sources */ = {isa = PBXBuildFile; fileRef = B46E74F126146ACF00B1E00B /* BirthdayViewController.swift */; };
		B46E74F526146B0000B1E00B /* AddNewDataViewController.swift in Sources */ = {isa = PBXBuildFile; fileRef = B46E74F426146B0000B1E00B /* AddNewDataViewController.swift */; };
/* End PBXBuildFile section */

/* Begin PBXFileReference section */
		B46E74D42613A28C00B1E00B /* UIPickerHW.app */ = {isa = PBXFileReference; explicitFileType = wrapper.application; includeInIndex = 0; path = UIPickerHW.app; sourceTree = BUILT_PRODUCTS_DIR; };
		B46E74D72613A28C00B1E00B /* AppDelegate.swift */ = {isa = PBXFileReference; lastKnownFileType = sourcecode.swift; path = AppDelegate.swift; sourceTree = "<group>"; };
		B46E74D92613A28C00B1E00B /* SceneDelegate.swift */ = {isa = PBXFileReference; lastKnownFileType = sourcecode.swift; path = SceneDelegate.swift; sourceTree = "<group>"; };
		B46E74DB2613A28C00B1E00B /* LogInViewController.swift */ = {isa = PBXFileReference; lastKnownFileType = sourcecode.swift; path = LogInViewController.swift; sourceTree = "<group>"; };
		B46E74DE2613A28C00B1E00B /* Base */ = {isa = PBXFileReference; lastKnownFileType = file.storyboard; name = Base; path = Base.lproj/Main.storyboard; sourceTree = "<group>"; };
		B46E74E02613A29000B1E00B /* Assets.xcassets */ = {isa = PBXFileReference; lastKnownFileType = folder.assetcatalog; path = Assets.xcassets; sourceTree = "<group>"; };
		B46E74E32613A29000B1E00B /* Base */ = {isa = PBXFileReference; lastKnownFileType = file.storyboard; name = Base; path = Base.lproj/LaunchScreen.storyboard; sourceTree = "<group>"; };
		B46E74E52613A29000B1E00B /* Info.plist */ = {isa = PBXFileReference; lastKnownFileType = text.plist.xml; path = Info.plist; sourceTree = "<group>"; };
		B46E74EE2614631900B1E00B /* UserInfo.swift */ = {isa = PBXFileReference; lastKnownFileType = sourcecode.swift; path = UserInfo.swift; sourceTree = "<group>"; };
		B46E74F126146ACF00B1E00B /* BirthdayViewController.swift */ = {isa = PBXFileReference; lastKnownFileType = sourcecode.swift; path = BirthdayViewController.swift; sourceTree = "<group>"; };
		B46E74F426146B0000B1E00B /* AddNewDataViewController.swift */ = {isa = PBXFileReference; lastKnownFileType = sourcecode.swift; path = AddNewDataViewController.swift; sourceTree = "<group>"; };
/* End PBXFileReference section */

/* Begin PBXFrameworksBuildPhase section */
		B46E74D12613A28C00B1E00B /* Frameworks */ = {
			isa = PBXFrameworksBuildPhase;
			buildActionMask = 2147483647;
			files = (
			);
			runOnlyForDeploymentPostprocessing = 0;
		};
/* End PBXFrameworksBuildPhase section */

/* Begin PBXGroup section */
		B46E74CB2613A28C00B1E00B = {
			isa = PBXGroup;
			children = (
				B46E74D62613A28C00B1E00B /* UIPickerHW */,
				B46E74D52613A28C00B1E00B /* Products */,
			);
			sourceTree = "<group>";
		};
		B46E74D52613A28C00B1E00B /* Products */ = {
			isa = PBXGroup;
			children = (
				B46E74D42613A28C00B1E00B /* UIPickerHW.app */,
			);
			name = Products;
			sourceTree = "<group>";
		};
		B46E74D62613A28C00B1E00B /* UIPickerHW */ = {
			isa = PBXGroup;
			children = (
				B46E74D72613A28C00B1E00B /* AppDelegate.swift */,
				B46E74D92613A28C00B1E00B /* SceneDelegate.swift */,
				B46E74DB2613A28C00B1E00B /* LogInViewController.swift */,
				B46E74F126146ACF00B1E00B /* BirthdayViewController.swift */,
				B46E74F426146B0000B1E00B /* AddNewDataViewController.swift */,
				B46E74EE2614631900B1E00B /* UserInfo.swift */,
				B46E74DD2613A28C00B1E00B /* Main.storyboard */,
				B46E74E02613A29000B1E00B /* Assets.xcassets */,
				B46E74E22613A29000B1E00B /* LaunchScreen.storyboard */,
				B46E74E52613A29000B1E00B /* Info.plist */,
			);
			path = UIPickerHW;
			sourceTree = "<group>";
		};
/* End PBXGroup section */

/* Begin PBXNativeTarget section */
		B46E74D32613A28C00B1E00B /* UIPickerHW */ = {
			isa = PBXNativeTarget;
			buildConfigurationList = B46E74E82613A29000B1E00B /* Build configuration list for PBXNativeTarget "UIPickerHW" */;
			buildPhases = (
				B46E74D02613A28C00B1E00B /* Sources */,
				B46E74D12613A28C00B1E00B /* Frameworks */,
				B46E74D22613A28C00B1E00B /* Resources */,
			);
			buildRules = (
			);
			dependencies = (
			);
			name = UIPickerHW;
			productName = UIPickerHW;
			productReference = B46E74D42613A28C00B1E00B /* UIPickerHW.app */;
			productType = "com.apple.product-type.application";
		};
/* End PBXNativeTarget section */

/* Begin PBXProject section */
		B46E74CC2613A28C00B1E00B /* Project object */ = {
			isa = PBXProject;
			attributes = {
				LastSwiftUpdateCheck = 1200;
				LastUpgradeCheck = 1200;
				TargetAttributes = {
					B46E74D32613A28C00B1E00B = {
						CreatedOnToolsVersion = 12.0.1;
					};
				};
			};
			buildConfigurationList = B46E74CF2613A28C00B1E00B /* Build configuration list for PBXProject "UIPickerHW" */;
			compatibilityVersion = "Xcode 9.3";
			developmentRegion = en;
			hasScannedForEncodings = 0;
			knownRegions = (
				en,
				Base,
			);
			mainGroup = B46E74CB2613A28C00B1E00B;
			productRefGroup = B46E74D52613A28C00B1E00B /* Products */;
			projectDirPath = "";
			projectRoot = "";
			targets = (
				B46E74D32613A28C00B1E00B /* UIPickerHW */,
			);
		};
/* End PBXProject section */

/* Begin PBXResourcesBuildPhase section */
		B46E74D22613A28C00B1E00B /* Resources */ = {
			isa = PBXResourcesBuildPhase;
			buildActionMask = 2147483647;
			files = (
				B46E74E42613A29000B1E00B /* LaunchScreen.storyboard in Resources */,
				B46E74E12613A29000B1E00B /* Assets.xcassets in Resources */,
				B46E74DF2613A28C00B1E00B /* Main.storyboard in Resources */,
			);
			runOnlyForDeploymentPostprocessing = 0;
		};
/* End PBXResourcesBuildPhase section */

/* Begin PBXSourcesBuildPhase section */
		B46E74D02613A28C00B1E00B /* Sources */ = {
			isa = PBXSourcesBuildPhase;
			buildActionMask = 2147483647;
			files = (
				B46E74F226146ACF00B1E00B /* BirthdayViewController.swift in Sources */,
				B46E74F526146B0000B1E00B /* AddNewDataViewController.swift in Sources */,
				B46E74EF2614631A00B1E00B /* UserInfo.swift in Sources */,
				B46E74DC2613A28C00B1E00B /* LogInViewController.swift in Sources */,
				B46E74D82613A28C00B1E00B /* AppDelegate.swift in Sources */,
				B46E74DA2613A28C00B1E00B /* SceneDelegate.swift in Sources */,
			);
			runOnlyForDeploymentPostprocessing = 0;
		};
/* End PBXSourcesBuildPhase section */

/* Begin PBXVariantGroup section */
		B46E74DD2613A28C00B1E00B /* Main.storyboard */ = {
			isa = PBXVariantGroup;
			children = (
				B46E74DE2613A28C00B1E00B /* Base */,
			);
			name = Main.storyboard;
			sourceTree = "<group>";
		};
		B46E74E22613A29000B1E00B /* LaunchScreen.storyboard */ = {
			isa = PBXVariantGroup;
			children = (
				B46E74E32613A29000B1E00B /* Base */,
			);
			name = LaunchScreen.storyboard;
			sourceTree = "<group>";
		};
/* End PBXVariantGroup section */

/* Begin XCBuildConfiguration section */
		B46E74E62613A29000B1E00B /* Debug */ = {
			isa = XCBuildConfiguration;
			buildSettings = {
				ALWAYS_SEARCH_USER_PATHS = NO;
				CLANG_ANALYZER_NONNULL = YES;
				CLANG_ANALYZER_NUMBER_OBJECT_CONVERSION = YES_AGGRESSIVE;
				CLANG_CXX_LANGUAGE_STANDARD = "gnu++14";
				CLANG_CXX_LIBRARY = "libc++";
				CLANG_ENABLE_MODULES = YES;
				CLANG_ENABLE_OBJC_ARC = YES;
				CLANG_ENABLE_OBJC_WEAK = YES;
				CLANG_WARN_BLOCK_CAPTURE_AUTORELEASING = YES;
				CLANG_WARN_BOOL_CONVERSION = YES;
				CLANG_WARN_COMMA = YES;
				CLANG_WARN_CONSTANT_CONVERSION = YES;
				CLANG_WARN_DEPRECATED_OBJC_IMPLEMENTATIONS = YES;
				CLANG_WARN_DIRECT_OBJC_ISA_USAGE = YES_ERROR;
				CLANG_WARN_DOCUMENTATION_COMMENTS = YES;
				CLANG_WARN_EMPTY_BODY = YES;
				CLANG_WARN_ENUM_CONVERSION = YES;
				CLANG_WARN_INFINITE_RECURSION = YES;
				CLANG_WARN_INT_CONVERSION = YES;
				CLANG_WARN_NON_LITERAL_NULL_CONVERSION = YES;
				CLANG_WARN_OBJC_IMPLICIT_RETAIN_SELF = YES;
				CLANG_WARN_OBJC_LITERAL_CONVERSION = YES;
				CLANG_WARN_OBJC_ROOT_CLASS = YES_ERROR;
				CLANG_WARN_QUOTED_INCLUDE_IN_FRAMEWORK_HEADER = YES;
				CLANG_WARN_RANGE_LOOP_ANALYSIS = YES;
				CLANG_WARN_STRICT_PROTOTYPES = YES;
				CLANG_WARN_SUSPICIOUS_MOVE = YES;
				CLANG_WARN_UNGUARDED_AVAILABILITY = YES_AGGRESSIVE;
				CLANG_WARN_UNREACHABLE_CODE = YES;
				CLANG_WARN__DUPLICATE_METHOD_MATCH = YES;
				COPY_PHASE_STRIP = NO;
				DEBUG_INFORMATION_FORMAT = dwarf;
				ENABLE_STRICT_OBJC_MSGSEND = YES;
				ENABLE_TESTABILITY = YES;
				GCC_C_LANGUAGE_STANDARD = gnu11;
				GCC_DYNAMIC_NO_PIC = NO;
				GCC_NO_COMMON_BLOCKS = YES;
				GCC_OPTIMIZATION_LEVEL = 0;
				GCC_PREPROCESSOR_DEFINITIONS = (
					"DEBUG=1",
					"$(inherited)",
				);
				GCC_WARN_64_TO_32_BIT_CONVERSION = YES;
				GCC_WARN_ABOUT_RETURN_TYPE = YES_ERROR;
				GCC_WARN_UNDECLARED_SELECTOR = YES;
				GCC_WARN_UNINITIALIZED_AUTOS = YES_AGGRESSIVE;
				GCC_WARN_UNUSED_FUNCTION = YES;
				GCC_WARN_UNUSED_VARIABLE = YES;
				IPHONEOS_DEPLOYMENT_TARGET = 14.0;
				MTL_ENABLE_DEBUG_INFO = INCLUDE_SOURCE;
				MTL_FAST_MATH = YES;
				ONLY_ACTIVE_ARCH = YES;
				SDKROOT = iphoneos;
				SWIFT_ACTIVE_COMPILATION_CONDITIONS = DEBUG;
				SWIFT_OPTIMIZATION_LEVEL = "-Onone";
			};
			name = Debug;
		};
		B46E74E72613A29000B1E00B /* Release */ = {
			isa = XCBuildConfiguration;
			buildSettings = {
				ALWAYS_SEARCH_USER_PATHS = NO;
				CLANG_ANALYZER_NONNULL = YES;
				CLANG_ANALYZER_NUMBER_OBJECT_CONVERSION = YES_AGGRESSIVE;
				CLANG_CXX_LANGUAGE_STANDARD = "gnu++14";
				CLANG_CXX_LIBRARY = "libc++";
				CLANG_ENABLE_MODULES = YES;
				CLANG_ENABLE_OBJC_ARC = YES;
				CLANG_ENABLE_OBJC_WEAK = YES;
				CLANG_WARN_BLOCK_CAPTURE_AUTORELEASING = YES;
				CLANG_WARN_BOOL_CONVERSION = YES;
				CLANG_WARN_COMMA = YES;
				CLANG_WARN_CONSTANT_CONVERSION = YES;
				CLANG_WARN_DEPRECATED_OBJC_IMPLEMENTATIONS = YES;
				CLANG_WARN_DIRECT_OBJC_ISA_USAGE = YES_ERROR;
				CLANG_WARN_DOCUMENTATION_COMMENTS = YES;
				CLANG_WARN_EMPTY_BODY = YES;
				CLANG_WARN_ENUM_CONVERSION = YES;
				CLANG_WARN_INFINITE_RECURSION = YES;
				CLANG_WARN_INT_CONVERSION = YES;
				CLANG_WARN_NON_LITERAL_NULL_CONVERSION = YES;
				CLANG_WARN_OBJC_IMPLICIT_RETAIN_SELF = YES;
				CLANG_WARN_OBJC_LITERAL_CONVERSION = YES;
				CLANG_WARN_OBJC_ROOT_CLASS = YES_ERROR;
				CLANG_WARN_QUOTED_INCLUDE_IN_FRAMEWORK_HEADER = YES;
				CLANG_WARN_RANGE_LOOP_ANALYSIS = YES;
				CLANG_WARN_STRICT_PROTOTYPES = YES;
				CLANG_WARN_SUSPICIOUS_MOVE = YES;
				CLANG_WARN_UNGUARDED_AVAILABILITY = YES_AGGRESSIVE;
				CLANG_WARN_UNREACHABLE_CODE = YES;
				CLANG_WARN__DUPLICATE_METHOD_MATCH = YES;
				COPY_PHASE_STRIP = NO;
				DEBUG_INFORMATION_FORMAT = "dwarf-with-dsym";
				ENABLE_NS_ASSERTIONS = NO;
				ENABLE_STRICT_OBJC_MSGSEND = YES;
				GCC_C_LANGUAGE_STANDARD = gnu11;
				GCC_NO_COMMON_BLOCKS = YES;
				GCC_WARN_64_TO_32_BIT_CONVERSION = YES;
				GCC_WARN_ABOUT_RETURN_TYPE = YES_ERROR;
				GCC_WARN_UNDECLARED_SELECTOR = YES;
				GCC_WARN_UNINITIALIZED_AUTOS = YES_AGGRESSIVE;
				GCC_WARN_UNUSED_FUNCTION = YES;
				GCC_WARN_UNUSED_VARIABLE = YES;
				IPHONEOS_DEPLOYMENT_TARGET = 14.0;
				MTL_ENABLE_DEBUG_INFO = NO;
				MTL_FAST_MATH = YES;
				SDKROOT = iphoneos;
				SWIFT_COMPILATION_MODE = wholemodule;
				SWIFT_OPTIMIZATION_LEVEL = "-O";
				VALIDATE_PRODUCT = YES;
			};
			name = Release;
		};
		B46E74E92613A29000B1E00B /* Debug */ = {
			isa = XCBuildConfiguration;
			buildSettings = {
				ASSETCATALOG_COMPILER_APPICON_NAME = AppIcon;
				ASSETCATALOG_COMPILER_GLOBAL_ACCENT_COLOR_NAME = AccentColor;
				CODE_SIGN_STYLE = Automatic;
				DEVELOPMENT_TEAM = 3L8P7DYJ4H;
				INFOPLIST_FILE = UIPickerHW/Info.plist;
				LD_RUNPATH_SEARCH_PATHS = (
					"$(inherited)",
					"@executable_path/Frameworks",
				);
				PRODUCT_BUNDLE_IDENTIFIER = "Ivan-Savkov.UIPickerHW";
				PRODUCT_NAME = "$(TARGET_NAME)";
				SWIFT_VERSION = 5.0;
				TARGETED_DEVICE_FAMILY = "1,2";
			};
			name = Debug;
		};
		B46E74EA2613A29000B1E00B /* Release */ = {
			isa = XCBuildConfiguration;
			buildSettings = {
				ASSETCATALOG_COMPILER_APPICON_NAME = AppIcon;
				ASSETCATALOG_COMPILER_GLOBAL_ACCENT_COLOR_NAME = AccentColor;
				CODE_SIGN_STYLE = Automatic;
				DEVELOPMENT_TEAM = 3L8P7DYJ4H;
				INFOPLIST_FILE = UIPickerHW/Info.plist;
				LD_RUNPATH_SEARCH_PATHS = (
					"$(inherited)",
					"@executable_path/Frameworks",
				);
				PRODUCT_BUNDLE_IDENTIFIER = "Ivan-Savkov.UIPickerHW";
				PRODUCT_NAME = "$(TARGET_NAME)";
				SWIFT_VERSION = 5.0;
				TARGETED_DEVICE_FAMILY = "1,2";
			};
			name = Release;
		};
/* End XCBuildConfiguration section */

/* Begin XCConfigurationList section */
		B46E74CF2613A28C00B1E00B /* Build configuration list for PBXProject "UIPickerHW" */ = {
			isa = XCConfigurationList;
			buildConfigurations = (
				B46E74E62613A29000B1E00B /* Debug */,
				B46E74E72613A29000B1E00B /* Release */,
			);
			defaultConfigurationIsVisible = 0;
			defaultConfigurationName = Release;
		};
		B46E74E82613A29000B1E00B /* Build configuration list for PBXNativeTarget "UIPickerHW" */ = {
			isa = XCConfigurationList;
			buildConfigurations = (
				B46E74E92613A29000B1E00B /* Debug */,
				B46E74EA2613A29000B1E00B /* Release */,
			);
			defaultConfigurationIsVisible = 0;
			defaultConfigurationName = Release;
		};
/* End XCConfigurationList section */
	};
	rootObject = B46E74CC2613A28C00B1E00B /* Project object */;
}
